// !$*UTF8*$!
{
	archiveVersion = 1;
	classes = {
	};
	objectVersion = 50;
	objects = {

/* Begin PBXBuildFile section */
		58B95FAA21DBC4FF00D0F64F /* API.swift in Sources */ = {isa = PBXBuildFile; fileRef = 58B95FA921DBC4FF00D0F64F /* API.swift */; };
		58B95FB121E102C200D0F64F /* TestingViewController.swift in Sources */ = {isa = PBXBuildFile; fileRef = 58B95FB021E102C200D0F64F /* TestingViewController.swift */; };
		58B95FB321E10B7F00D0F64F /* awsconfiguration.json in Resources */ = {isa = PBXBuildFile; fileRef = 58B95FB221E10B7F00D0F64F /* awsconfiguration.json */; };
		58FC38F621DBAA8000D85A5B /* AppDelegate.swift in Sources */ = {isa = PBXBuildFile; fileRef = 58FC38F521DBAA8000D85A5B /* AppDelegate.swift */; };
		58FC38F821DBAA8000D85A5B /* MainViewController.swift in Sources */ = {isa = PBXBuildFile; fileRef = 58FC38F721DBAA8000D85A5B /* MainViewController.swift */; };
		58FC38FB21DBAA8000D85A5B /* Main.storyboard in Resources */ = {isa = PBXBuildFile; fileRef = 58FC38F921DBAA8000D85A5B /* Main.storyboard */; };
		58FC38FD21DBAA8000D85A5B /* Assets.xcassets in Resources */ = {isa = PBXBuildFile; fileRef = 58FC38FC21DBAA8000D85A5B /* Assets.xcassets */; };
		58FC390021DBAA8000D85A5B /* LaunchScreen.storyboard in Resources */ = {isa = PBXBuildFile; fileRef = 58FC38FE21DBAA8000D85A5B /* LaunchScreen.storyboard */; };
		D966E0AD2B4DE0C45FC91435 /* Pods_iOS_viaPatron.framework in Frameworks */ = {isa = PBXBuildFile; fileRef = DB825579FA7D3E685EBC5F16 /* Pods_iOS_viaPatron.framework */; };
/* End PBXBuildFile section */

/* Begin PBXFileReference section */
		58B95FA921DBC4FF00D0F64F /* API.swift */ = {isa = PBXFileReference; fileEncoding = 4; lastKnownFileType = sourcecode.swift; path = API.swift; sourceTree = SOURCE_ROOT; };
		58B95FB021E102C200D0F64F /* TestingViewController.swift */ = {isa = PBXFileReference; lastKnownFileType = sourcecode.swift; path = TestingViewController.swift; sourceTree = "<group>"; };
		58B95FB221E10B7F00D0F64F /* awsconfiguration.json */ = {isa = PBXFileReference; fileEncoding = 4; lastKnownFileType = text.json; path = awsconfiguration.json; sourceTree = SOURCE_ROOT; };
		58FC38F221DBAA8000D85A5B /* iOS-viaPatron.app */ = {isa = PBXFileReference; explicitFileType = wrapper.application; includeInIndex = 0; path = "iOS-viaPatron.app"; sourceTree = BUILT_PRODUCTS_DIR; };
		58FC38F521DBAA8000D85A5B /* AppDelegate.swift */ = {isa = PBXFileReference; lastKnownFileType = sourcecode.swift; path = AppDelegate.swift; sourceTree = "<group>"; };
		58FC38F721DBAA8000D85A5B /* MainViewController.swift */ = {isa = PBXFileReference; lastKnownFileType = sourcecode.swift; path = MainViewController.swift; sourceTree = "<group>"; };
		58FC38FA21DBAA8000D85A5B /* Base */ = {isa = PBXFileReference; lastKnownFileType = file.storyboard; name = Base; path = Base.lproj/Main.storyboard; sourceTree = "<group>"; };
		58FC38FC21DBAA8000D85A5B /* Assets.xcassets */ = {isa = PBXFileReference; lastKnownFileType = folder.assetcatalog; path = Assets.xcassets; sourceTree = "<group>"; };
		58FC38FF21DBAA8000D85A5B /* Base */ = {isa = PBXFileReference; lastKnownFileType = file.storyboard; name = Base; path = Base.lproj/LaunchScreen.storyboard; sourceTree = "<group>"; };
		58FC390121DBAA8000D85A5B /* Info.plist */ = {isa = PBXFileReference; lastKnownFileType = text.plist.xml; path = Info.plist; sourceTree = "<group>"; };
		5BE7C6CC173B982D89B8C02B /* Pods-iOS-viaPatron.debug.xcconfig */ = {isa = PBXFileReference; includeInIndex = 1; lastKnownFileType = text.xcconfig; name = "Pods-iOS-viaPatron.debug.xcconfig"; path = "Pods/Target Support Files/Pods-iOS-viaPatron/Pods-iOS-viaPatron.debug.xcconfig"; sourceTree = "<group>"; };
		7B1C61C692BF4611CC537AAC /* Pods-iOS-viaPatron.release.xcconfig */ = {isa = PBXFileReference; includeInIndex = 1; lastKnownFileType = text.xcconfig; name = "Pods-iOS-viaPatron.release.xcconfig"; path = "Pods/Target Support Files/Pods-iOS-viaPatron/Pods-iOS-viaPatron.release.xcconfig"; sourceTree = "<group>"; };
		DB825579FA7D3E685EBC5F16 /* Pods_iOS_viaPatron.framework */ = {isa = PBXFileReference; explicitFileType = wrapper.framework; includeInIndex = 0; path = Pods_iOS_viaPatron.framework; sourceTree = BUILT_PRODUCTS_DIR; };
/* End PBXFileReference section */

/* Begin PBXFrameworksBuildPhase section */
		58FC38EF21DBAA8000D85A5B /* Frameworks */ = {
			isa = PBXFrameworksBuildPhase;
			buildActionMask = 2147483647;
			files = (
				D966E0AD2B4DE0C45FC91435 /* Pods_iOS_viaPatron.framework in Frameworks */,
			);
			runOnlyForDeploymentPostprocessing = 0;
		};
/* End PBXFrameworksBuildPhase section */

/* Begin PBXGroup section */
		58B95FAB21DCDE7800D0F64F /* ViewControllers */ = {
			isa = PBXGroup;
			children = (
				58FC38F721DBAA8000D85A5B /* MainViewController.swift */,
				58B95FB021E102C200D0F64F /* TestingViewController.swift */,
			);
			path = ViewControllers;
			sourceTree = "<group>";
		};
		58FC38E921DBAA8000D85A5B = {
			isa = PBXGroup;
			children = (
				58FC38F421DBAA8000D85A5B /* iOS-viaPatron */,
				58FC38F321DBAA8000D85A5B /* Products */,
				EF71EA070BE7EC5143D444CA /* Pods */,
				DB8B416EFEE2579240633EE4 /* Frameworks */,
			);
			sourceTree = "<group>";
		};
		58FC38F321DBAA8000D85A5B /* Products */ = {
			isa = PBXGroup;
			children = (
				58FC38F221DBAA8000D85A5B /* iOS-viaPatron.app */,
			);
			name = Products;
			sourceTree = "<group>";
		};
		58FC38F421DBAA8000D85A5B /* iOS-viaPatron */ = {
			isa = PBXGroup;
			children = (
				58B95FB221E10B7F00D0F64F /* awsconfiguration.json */,
				58B95FAB21DCDE7800D0F64F /* ViewControllers */,
				58B95FA921DBC4FF00D0F64F /* API.swift */,
				58FC38F521DBAA8000D85A5B /* AppDelegate.swift */,
				58FC38F921DBAA8000D85A5B /* Main.storyboard */,
				58FC38FC21DBAA8000D85A5B /* Assets.xcassets */,
				58FC38FE21DBAA8000D85A5B /* LaunchScreen.storyboard */,
				58FC390121DBAA8000D85A5B /* Info.plist */,
			);
			path = "iOS-viaPatron";
			sourceTree = "<group>";
		};
		DB8B416EFEE2579240633EE4 /* Frameworks */ = {
			isa = PBXGroup;
			children = (
				DB825579FA7D3E685EBC5F16 /* Pods_iOS_viaPatron.framework */,
			);
			name = Frameworks;
			sourceTree = "<group>";
		};
		EF71EA070BE7EC5143D444CA /* Pods */ = {
			isa = PBXGroup;
			children = (
				5BE7C6CC173B982D89B8C02B /* Pods-iOS-viaPatron.debug.xcconfig */,
				7B1C61C692BF4611CC537AAC /* Pods-iOS-viaPatron.release.xcconfig */,
			);
			name = Pods;
			sourceTree = "<group>";
		};
/* End PBXGroup section */

/* Begin PBXNativeTarget section */
		58FC38F121DBAA8000D85A5B /* iOS-viaPatron */ = {
			isa = PBXNativeTarget;
			buildConfigurationList = 58FC390421DBAA8000D85A5B /* Build configuration list for PBXNativeTarget "iOS-viaPatron" */;
			buildPhases = (
				5D7DD23684A6A8F284A6F4F1 /* [CP] Check Pods Manifest.lock */,
				58FC38EE21DBAA8000D85A5B /* Sources */,
				58FC38EF21DBAA8000D85A5B /* Frameworks */,
				58FC38F021DBAA8000D85A5B /* Resources */,
				B64B6A4F29D52F2E2A1F69AC /* [CP] Embed Pods Frameworks */,
			);
			buildRules = (
			);
			dependencies = (
			);
			name = "iOS-viaPatron";
			productName = "iOS-viaPatron";
			productReference = 58FC38F221DBAA8000D85A5B /* iOS-viaPatron.app */;
			productType = "com.apple.product-type.application";
		};
/* End PBXNativeTarget section */

/* Begin PBXProject section */
		58FC38EA21DBAA8000D85A5B /* Project object */ = {
			isa = PBXProject;
			attributes = {
				LastSwiftUpdateCheck = 1010;
				LastUpgradeCheck = 1010;
				ORGANIZATIONNAME = "Liu Yuheng";
				TargetAttributes = {
					58FC38F121DBAA8000D85A5B = {
						CreatedOnToolsVersion = 10.1;
					};
				};
			};
			buildConfigurationList = 58FC38ED21DBAA8000D85A5B /* Build configuration list for PBXProject "iOS-viaPatron" */;
			compatibilityVersion = "Xcode 9.3";
			developmentRegion = en;
			hasScannedForEncodings = 0;
			knownRegions = (
				en,
				Base,
			);
			mainGroup = 58FC38E921DBAA8000D85A5B;
			productRefGroup = 58FC38F321DBAA8000D85A5B /* Products */;
			projectDirPath = "";
			projectRoot = "";
			targets = (
				58FC38F121DBAA8000D85A5B /* iOS-viaPatron */,
			);
		};
/* End PBXProject section */

/* Begin PBXResourcesBuildPhase section */
		58FC38F021DBAA8000D85A5B /* Resources */ = {
			isa = PBXResourcesBuildPhase;
			buildActionMask = 2147483647;
			files = (
				58B95FB321E10B7F00D0F64F /* awsconfiguration.json in Resources */,
				58FC390021DBAA8000D85A5B /* LaunchScreen.storyboard in Resources */,
				58FC38FD21DBAA8000D85A5B /* Assets.xcassets in Resources */,
				58FC38FB21DBAA8000D85A5B /* Main.storyboard in Resources */,
			);
			runOnlyForDeploymentPostprocessing = 0;
		};
/* End PBXResourcesBuildPhase section */

/* Begin PBXShellScriptBuildPhase section */
		5D7DD23684A6A8F284A6F4F1 /* [CP] Check Pods Manifest.lock */ = {
			isa = PBXShellScriptBuildPhase;
			buildActionMask = 2147483647;
			files = (
			);
			inputFileListPaths = (
			);
			inputPaths = (
				"${PODS_PODFILE_DIR_PATH}/Podfile.lock",
				"${PODS_ROOT}/Manifest.lock",
			);
			name = "[CP] Check Pods Manifest.lock";
			outputFileListPaths = (
			);
			outputPaths = (
				"$(DERIVED_FILE_DIR)/Pods-iOS-viaPatron-checkManifestLockResult.txt",
			);
			runOnlyForDeploymentPostprocessing = 0;
			shellPath = /bin/sh;
			shellScript = "diff \"${PODS_PODFILE_DIR_PATH}/Podfile.lock\" \"${PODS_ROOT}/Manifest.lock\" > /dev/null\nif [ $? != 0 ] ; then\n    # print error to STDERR\n    echo \"error: The sandbox is not in sync with the Podfile.lock. Run 'pod install' or update your CocoaPods installation.\" >&2\n    exit 1\nfi\n# This output is used by Xcode 'outputs' to avoid re-running this script phase.\necho \"SUCCESS\" > \"${SCRIPT_OUTPUT_FILE_0}\"\n";
			showEnvVarsInLog = 0;
		};
		B64B6A4F29D52F2E2A1F69AC /* [CP] Embed Pods Frameworks */ = {
			isa = PBXShellScriptBuildPhase;
			buildActionMask = 2147483647;
			files = (
			);
			inputFileListPaths = (
			);
			inputPaths = (
				"${SRCROOT}/Pods/Target Support Files/Pods-iOS-viaPatron/Pods-iOS-viaPatron-frameworks.sh",
				"${BUILT_PRODUCTS_DIR}/AWSAppSync/AWSAppSync.framework",
				"${BUILT_PRODUCTS_DIR}/AWSAuthCore/AWSAuthCore.framework",
				"${BUILT_PRODUCTS_DIR}/AWSAuthUI/AWSAuthUI.framework",
				"${BUILT_PRODUCTS_DIR}/AWSCognitoIdentityProvider/AWSCognitoIdentityProvider.framework",
				"${BUILT_PRODUCTS_DIR}/AWSCognitoIdentityProviderASF/AWSCognitoIdentityProviderASF.framework",
				"${BUILT_PRODUCTS_DIR}/AWSCore/AWSCore.framework",
				"${BUILT_PRODUCTS_DIR}/AWSMobileClient/AWSMobileClient.framework",
				"${BUILT_PRODUCTS_DIR}/AWSUserPoolsSignIn/AWSUserPoolsSignIn.framework",
				"${BUILT_PRODUCTS_DIR}/ReachabilitySwift/Reachability.framework",
				"${BUILT_PRODUCTS_DIR}/SQLite.swift/SQLite.framework",
			);
			name = "[CP] Embed Pods Frameworks";
			outputFileListPaths = (
			);
			outputPaths = (
				"${TARGET_BUILD_DIR}/${FRAMEWORKS_FOLDER_PATH}/AWSAppSync.framework",
				"${TARGET_BUILD_DIR}/${FRAMEWORKS_FOLDER_PATH}/AWSAuthCore.framework",
				"${TARGET_BUILD_DIR}/${FRAMEWORKS_FOLDER_PATH}/AWSAuthUI.framework",
				"${TARGET_BUILD_DIR}/${FRAMEWORKS_FOLDER_PATH}/AWSCognitoIdentityProvider.framework",
				"${TARGET_BUILD_DIR}/${FRAMEWORKS_FOLDER_PATH}/AWSCognitoIdentityProviderASF.framework",
				"${TARGET_BUILD_DIR}/${FRAMEWORKS_FOLDER_PATH}/AWSCore.framework",
				"${TARGET_BUILD_DIR}/${FRAMEWORKS_FOLDER_PATH}/AWSMobileClient.framework",
				"${TARGET_BUILD_DIR}/${FRAMEWORKS_FOLDER_PATH}/AWSUserPoolsSignIn.framework",
				"${TARGET_BUILD_DIR}/${FRAMEWORKS_FOLDER_PATH}/Reachability.framework",
				"${TARGET_BUILD_DIR}/${FRAMEWORKS_FOLDER_PATH}/SQLite.framework",
			);
			runOnlyForDeploymentPostprocessing = 0;
			shellPath = /bin/sh;
			shellScript = "\"${SRCROOT}/Pods/Target Support Files/Pods-iOS-viaPatron/Pods-iOS-viaPatron-frameworks.sh\"\n";
			showEnvVarsInLog = 0;
		};
/* End PBXShellScriptBuildPhase section */

/* Begin PBXSourcesBuildPhase section */
		58FC38EE21DBAA8000D85A5B /* Sources */ = {
			isa = PBXSourcesBuildPhase;
			buildActionMask = 2147483647;
			files = (
				58FC38F821DBAA8000D85A5B /* MainViewController.swift in Sources */,
				58B95FAA21DBC4FF00D0F64F /* API.swift in Sources */,
				58FC38F621DBAA8000D85A5B /* AppDelegate.swift in Sources */,
				58B95FB121E102C200D0F64F /* TestingViewController.swift in Sources */,
			);
			runOnlyForDeploymentPostprocessing = 0;
		};
/* End PBXSourcesBuildPhase section */

/* Begin PBXVariantGroup section */
		58FC38F921DBAA8000D85A5B /* Main.storyboard */ = {
			isa = PBXVariantGroup;
			children = (
				58FC38FA21DBAA8000D85A5B /* Base */,
			);
			name = Main.storyboard;
			sourceTree = "<group>";
		};
		58FC38FE21DBAA8000D85A5B /* LaunchScreen.storyboard */ = {
			isa = PBXVariantGroup;
			children = (
				58FC38FF21DBAA8000D85A5B /* Base */,
			);
			name = LaunchScreen.storyboard;
			sourceTree = "<group>";
		};
/* End PBXVariantGroup section */

/* Begin XCBuildConfiguration section */
		58FC390221DBAA8000D85A5B /* Debug */ = {
			isa = XCBuildConfiguration;
			buildSettings = {
				ALWAYS_SEARCH_USER_PATHS = NO;
				CLANG_ANALYZER_NONNULL = YES;
				CLANG_ANALYZER_NUMBER_OBJECT_CONVERSION = YES_AGGRESSIVE;
				CLANG_CXX_LANGUAGE_STANDARD = "gnu++14";
				CLANG_CXX_LIBRARY = "libc++";
				CLANG_ENABLE_MODULES = YES;
				CLANG_ENABLE_OBJC_ARC = YES;
				CLANG_ENABLE_OBJC_WEAK = YES;
				CLANG_WARN_BLOCK_CAPTURE_AUTORELEASING = YES;
				CLANG_WARN_BOOL_CONVERSION = YES;
				CLANG_WARN_COMMA = YES;
				CLANG_WARN_CONSTANT_CONVERSION = YES;
				CLANG_WARN_DEPRECATED_OBJC_IMPLEMENTATIONS = YES;
				CLANG_WARN_DIRECT_OBJC_ISA_USAGE = YES_ERROR;
				CLANG_WARN_DOCUMENTATION_COMMENTS = YES;
				CLANG_WARN_EMPTY_BODY = YES;
				CLANG_WARN_ENUM_CONVERSION = YES;
				CLANG_WARN_INFINITE_RECURSION = YES;
				CLANG_WARN_INT_CONVERSION = YES;
				CLANG_WARN_NON_LITERAL_NULL_CONVERSION = YES;
				CLANG_WARN_OBJC_IMPLICIT_RETAIN_SELF = YES;
				CLANG_WARN_OBJC_LITERAL_CONVERSION = YES;
				CLANG_WARN_OBJC_ROOT_CLASS = YES_ERROR;
				CLANG_WARN_RANGE_LOOP_ANALYSIS = YES;
				CLANG_WARN_STRICT_PROTOTYPES = YES;
				CLANG_WARN_SUSPICIOUS_MOVE = YES;
				CLANG_WARN_UNGUARDED_AVAILABILITY = YES_AGGRESSIVE;
				CLANG_WARN_UNREACHABLE_CODE = YES;
				CLANG_WARN__DUPLICATE_METHOD_MATCH = YES;
				CODE_SIGN_IDENTITY = "iPhone Developer";
				COPY_PHASE_STRIP = NO;
				DEBUG_INFORMATION_FORMAT = dwarf;
				ENABLE_STRICT_OBJC_MSGSEND = YES;
				ENABLE_TESTABILITY = YES;
				GCC_C_LANGUAGE_STANDARD = gnu11;
				GCC_DYNAMIC_NO_PIC = NO;
				GCC_NO_COMMON_BLOCKS = YES;
				GCC_OPTIMIZATION_LEVEL = 0;
				GCC_PREPROCESSOR_DEFINITIONS = (
					"DEBUG=1",
					"$(inherited)",
				);
				GCC_WARN_64_TO_32_BIT_CONVERSION = YES;
				GCC_WARN_ABOUT_RETURN_TYPE = YES_ERROR;
				GCC_WARN_UNDECLARED_SELECTOR = YES;
				GCC_WARN_UNINITIALIZED_AUTOS = YES_AGGRESSIVE;
				GCC_WARN_UNUSED_FUNCTION = YES;
				GCC_WARN_UNUSED_VARIABLE = YES;
				IPHONEOS_DEPLOYMENT_TARGET = 12.1;
				MTL_ENABLE_DEBUG_INFO = INCLUDE_SOURCE;
				MTL_FAST_MATH = YES;
				ONLY_ACTIVE_ARCH = YES;
				SDKROOT = iphoneos;
				SWIFT_ACTIVE_COMPILATION_CONDITIONS = DEBUG;
				SWIFT_OPTIMIZATION_LEVEL = "-Onone";
			};
			name = Debug;
		};
		58FC390321DBAA8000D85A5B /* Release */ = {
			isa = XCBuildConfiguration;
			buildSettings = {
				ALWAYS_SEARCH_USER_PATHS = NO;
				CLANG_ANALYZER_NONNULL = YES;
				CLANG_ANALYZER_NUMBER_OBJECT_CONVERSION = YES_AGGRESSIVE;
				CLANG_CXX_LANGUAGE_STANDARD = "gnu++14";
				CLANG_CXX_LIBRARY = "libc++";
				CLANG_ENABLE_MODULES = YES;
				CLANG_ENABLE_OBJC_ARC = YES;
				CLANG_ENABLE_OBJC_WEAK = YES;
				CLANG_WARN_BLOCK_CAPTURE_AUTORELEASING = YES;
				CLANG_WARN_BOOL_CONVERSION = YES;
				CLANG_WARN_COMMA = YES;
				CLANG_WARN_CONSTANT_CONVERSION = YES;
				CLANG_WARN_DEPRECATED_OBJC_IMPLEMENTATIONS = YES;
				CLANG_WARN_DIRECT_OBJC_ISA_USAGE = YES_ERROR;
				CLANG_WARN_DOCUMENTATION_COMMENTS = YES;
				CLANG_WARN_EMPTY_BODY = YES;
				CLANG_WARN_ENUM_CONVERSION = YES;
				CLANG_WARN_INFINITE_RECURSION = YES;
				CLANG_WARN_INT_CONVERSION = YES;
				CLANG_WARN_NON_LITERAL_NULL_CONVERSION = YES;
				CLANG_WARN_OBJC_IMPLICIT_RETAIN_SELF = YES;
				CLANG_WARN_OBJC_LITERAL_CONVERSION = YES;
				CLANG_WARN_OBJC_ROOT_CLASS = YES_ERROR;
				CLANG_WARN_RANGE_LOOP_ANALYSIS = YES;
				CLANG_WARN_STRICT_PROTOTYPES = YES;
				CLANG_WARN_SUSPICIOUS_MOVE = YES;
				CLANG_WARN_UNGUARDED_AVAILABILITY = YES_AGGRESSIVE;
				CLANG_WARN_UNREACHABLE_CODE = YES;
				CLANG_WARN__DUPLICATE_METHOD_MATCH = YES;
				CODE_SIGN_IDENTITY = "iPhone Developer";
				COPY_PHASE_STRIP = NO;
				DEBUG_INFORMATION_FORMAT = "dwarf-with-dsym";
				ENABLE_NS_ASSERTIONS = NO;
				ENABLE_STRICT_OBJC_MSGSEND = YES;
				GCC_C_LANGUAGE_STANDARD = gnu11;
				GCC_NO_COMMON_BLOCKS = YES;
				GCC_WARN_64_TO_32_BIT_CONVERSION = YES;
				GCC_WARN_ABOUT_RETURN_TYPE = YES_ERROR;
				GCC_WARN_UNDECLARED_SELECTOR = YES;
				GCC_WARN_UNINITIALIZED_AUTOS = YES_AGGRESSIVE;
				GCC_WARN_UNUSED_FUNCTION = YES;
				GCC_WARN_UNUSED_VARIABLE = YES;
				IPHONEOS_DEPLOYMENT_TARGET = 12.1;
				MTL_ENABLE_DEBUG_INFO = NO;
				MTL_FAST_MATH = YES;
				SDKROOT = iphoneos;
				SWIFT_COMPILATION_MODE = wholemodule;
				SWIFT_OPTIMIZATION_LEVEL = "-O";
				VALIDATE_PRODUCT = YES;
			};
			name = Release;
		};
		58FC390521DBAA8000D85A5B /* Debug */ = {
			isa = XCBuildConfiguration;
			baseConfigurationReference = 5BE7C6CC173B982D89B8C02B /* Pods-iOS-viaPatron.debug.xcconfig */;
			buildSettings = {
				ASSETCATALOG_COMPILER_APPICON_NAME = AppIcon;
				CODE_SIGN_STYLE = Automatic;
				DEVELOPMENT_TEAM = HVLWHLMM8K;
				INFOPLIST_FILE = "iOS-viaPatron/Info.plist";
				LD_RUNPATH_SEARCH_PATHS = (
					"$(inherited)",
					"@executable_path/Frameworks",
				);
				PRODUCT_BUNDLE_IDENTIFIER = "com.example.Liu-Yuheng.iOS-viaPatron";
				PRODUCT_NAME = "$(TARGET_NAME)";
				SWIFT_VERSION = 4.2;
				TARGETED_DEVICE_FAMILY = "1,2";
			};
			name = Debug;
		};
		58FC390621DBAA8000D85A5B /* Release */ = {
			isa = XCBuildConfiguration;
			baseConfigurationReference = 7B1C61C692BF4611CC537AAC /* Pods-iOS-viaPatron.release.xcconfig */;
			buildSettings = {
				ASSETCATALOG_COMPILER_APPICON_NAME = AppIcon;
				CODE_SIGN_STYLE = Automatic;
				DEVELOPMENT_TEAM = HVLWHLMM8K;
				INFOPLIST_FILE = "iOS-viaPatron/Info.plist";
				LD_RUNPATH_SEARCH_PATHS = (
					"$(inherited)",
					"@executable_path/Frameworks",
				);
				PRODUCT_BUNDLE_IDENTIFIER = "com.example.Liu-Yuheng.iOS-viaPatron";
				PRODUCT_NAME = "$(TARGET_NAME)";
				SWIFT_VERSION = 4.2;
				TARGETED_DEVICE_FAMILY = "1,2";
			};
			name = Release;
		};
/* End XCBuildConfiguration section */

/* Begin XCConfigurationList section */
		58FC38ED21DBAA8000D85A5B /* Build configuration list for PBXProject "iOS-viaPatron" */ = {
			isa = XCConfigurationList;
			buildConfigurations = (
				58FC390221DBAA8000D85A5B /* Debug */,
				58FC390321DBAA8000D85A5B /* Release */,
			);
			defaultConfigurationIsVisible = 0;
			defaultConfigurationName = Release;
		};
		58FC390421DBAA8000D85A5B /* Build configuration list for PBXNativeTarget "iOS-viaPatron" */ = {
			isa = XCConfigurationList;
			buildConfigurations = (
				58FC390521DBAA8000D85A5B /* Debug */,
				58FC390621DBAA8000D85A5B /* Release */,
			);
			defaultConfigurationIsVisible = 0;
			defaultConfigurationName = Release;
		};
/* End XCConfigurationList section */
	};
	rootObject = 58FC38EA21DBAA8000D85A5B /* Project object */;
}
